
Microsoft Visual Studio Solution File, Format Version 12.00
# Visual Studio Version 16
VisualStudioVersion = 16.0.30523.141
MinimumVisualStudioVersion = 10.0.40219.1
Project("{FAE04EC0-301F-11D3-BF4B-00C04F79EFBC}") = "Crisan_Ioana_Lab8", "Crisan_Ioana_Lab8.csproj", "{869EAA13-D623-49D2-91D6-C416F3EC8792}"
EndProject
Global
	GlobalSection(SolutionConfigurationPlatforms) = preSolution
		Debug|Any CPU = Debug|Any CPU
		Release|Any CPU = Release|Any CPU
	EndGlobalSection
	GlobalSection(ProjectConfigurationPlatforms) = postSolution
		{869EAA13-D623-49D2-91D6-C416F3EC8792}.Debug|Any CPU.ActiveCfg = Debug|Any CPU
		{869EAA13-D623-49D2-91D6-C416F3EC8792}.Debug|Any CPU.Build.0 = Debug|Any CPU
		{869EAA13-D623-49D2-91D6-C416F3EC8792}.Release|Any CPU.ActiveCfg = Release|Any CPU
		{869EAA13-D623-49D2-91D6-C416F3EC8792}.Release|Any CPU.Build.0 = Release|Any CPU
	EndGlobalSection
	GlobalSection(SolutionProperties) = preSolution
		HideSolutionNode = FALSE
	EndGlobalSection
	GlobalSection(ExtensibilityGlobals) = postSolution
		SolutionGuid = {B7ED0736-265E-42A4-8B35-B818B28B5AB8}
	EndGlobalSection
EndGlobal
